
Microsoft Visual Studio Solution File, Format Version 12.00
# Visual Studio Version 17
VisualStudioVersion = 17.5.002.0
MinimumVisualStudioVersion = 10.0.40219.1
Project("{9A19103F-16F7-4668-BE54-9A1E7A4F7556}") = "First Letter to Appear Twice", "First Letter to Appear Twice.csproj", "{DE69A364-E345-46F3-A46B-956A9C8D1473}"
EndProject
Global
	GlobalSection(SolutionConfigurationPlatforms) = preSolution
		Debug|Any CPU = Debug|Any CPU
		Release|Any CPU = Release|Any CPU
	EndGlobalSection
	GlobalSection(ProjectConfigurationPlatforms) = postSolution
		{DE69A364-E345-46F3-A46B-956A9C8D1473}.Debug|Any CPU.ActiveCfg = Debug|Any CPU
		{DE69A364-E345-46F3-A46B-956A9C8D1473}.Debug|Any CPU.Build.0 = Debug|Any CPU
		{DE69A364-E345-46F3-A46B-956A9C8D1473}.Release|Any CPU.ActiveCfg = Release|Any CPU
		{DE69A364-E345-46F3-A46B-956A9C8D1473}.Release|Any CPU.Build.0 = Release|Any CPU
	EndGlobalSection
	GlobalSection(SolutionProperties) = preSolution
		HideSolutionNode = FALSE
	EndGlobalSection
	GlobalSection(ExtensibilityGlobals) = postSolution
		SolutionGuid = {A34BBD19-F6C1-475B-AA15-B6AC1A52E41B}
	EndGlobalSection
EndGlobal
