Microsoft Visual Studio Solution File, Format Version 12.00
# Visual Studio Version 17
VisualStudioVersion = 17.5.2.0
MinimumVisualStudioVersion = 10.0.40219.1
Project("{FAE04EC0-301F-11D3-BF4B-00C04F79EFBC}") = "704. Binary Search", "704. Binary Search.csproj", "{510D3CBF-A97B-BE42-C631-D8BA99EC909F}"
EndProject
Global
	GlobalSection(SolutionConfigurationPlatforms) = preSolution
		Debug|Any CPU = Debug|Any CPU
		Release|Any CPU = Release|Any CPU
	EndGlobalSection
	GlobalSection(ProjectConfigurationPlatforms) = postSolution
		{510D3CBF-A97B-BE42-C631-D8BA99EC909F}.Debug|Any CPU.ActiveCfg = Debug|Any CPU
		{510D3CBF-A97B-BE42-C631-D8BA99EC909F}.Debug|Any CPU.Build.0 = Debug|Any CPU
		{510D3CBF-A97B-BE42-C631-D8BA99EC909F}.Release|Any CPU.ActiveCfg = Release|Any CPU
		{510D3CBF-A97B-BE42-C631-D8BA99EC909F}.Release|Any CPU.Build.0 = Release|Any CPU
	EndGlobalSection
	GlobalSection(SolutionProperties) = preSolution
		HideSolutionNode = FALSE
	EndGlobalSection
	GlobalSection(ExtensibilityGlobals) = postSolution
		SolutionGuid = {6A6E539B-656D-4DFE-B66A-8AA42747D39D}
	EndGlobalSection
EndGlobal
