Microsoft Visual Studio Solution File, Format Version 12.00
# Visual Studio Version 17
VisualStudioVersion = 17.5.2.0
MinimumVisualStudioVersion = 10.0.40219.1
Project("{FAE04EC0-301F-11D3-BF4B-00C04F79EFBC}") = "2540. Minimum Common Value", "2540. Minimum Common Value.csproj", "{C892E83D-B910-4EDE-5297-2A061D83981D}"
EndProject
Global
	GlobalSection(SolutionConfigurationPlatforms) = preSolution
		Debug|Any CPU = Debug|Any CPU
		Release|Any CPU = Release|Any CPU
	EndGlobalSection
	GlobalSection(ProjectConfigurationPlatforms) = postSolution
		{C892E83D-B910-4EDE-5297-2A061D83981D}.Debug|Any CPU.ActiveCfg = Debug|Any CPU
		{C892E83D-B910-4EDE-5297-2A061D83981D}.Debug|Any CPU.Build.0 = Debug|Any CPU
		{C892E83D-B910-4EDE-5297-2A061D83981D}.Release|Any CPU.ActiveCfg = Release|Any CPU
		{C892E83D-B910-4EDE-5297-2A061D83981D}.Release|Any CPU.Build.0 = Release|Any CPU
	EndGlobalSection
	GlobalSection(SolutionProperties) = preSolution
		HideSolutionNode = FALSE
	EndGlobalSection
	GlobalSection(ExtensibilityGlobals) = postSolution
		SolutionGuid = {ED7265BA-EF55-474E-A9D2-C9E24C5D3BFD}
	EndGlobalSection
EndGlobal
