
Microsoft Visual Studio Solution File, Format Version 12.00
# Visual Studio Version 17
VisualStudioVersion = 17.5.002.0
MinimumVisualStudioVersion = 10.0.40219.1
Project("{9A19103F-16F7-4668-BE54-9A1E7A4F7556}") = "Contains Duplicate", "Contains Duplicate.csproj", "{9BA12D6F-669B-4AEF-8A47-7BBB989C25D4}"
EndProject
Global
	GlobalSection(SolutionConfigurationPlatforms) = preSolution
		Debug|Any CPU = Debug|Any CPU
		Release|Any CPU = Release|Any CPU
	EndGlobalSection
	GlobalSection(ProjectConfigurationPlatforms) = postSolution
		{9BA12D6F-669B-4AEF-8A47-7BBB989C25D4}.Debug|Any CPU.ActiveCfg = Debug|Any CPU
		{9BA12D6F-669B-4AEF-8A47-7BBB989C25D4}.Debug|Any CPU.Build.0 = Debug|Any CPU
		{9BA12D6F-669B-4AEF-8A47-7BBB989C25D4}.Release|Any CPU.ActiveCfg = Release|Any CPU
		{9BA12D6F-669B-4AEF-8A47-7BBB989C25D4}.Release|Any CPU.Build.0 = Release|Any CPU
	EndGlobalSection
	GlobalSection(SolutionProperties) = preSolution
		HideSolutionNode = FALSE
	EndGlobalSection
	GlobalSection(ExtensibilityGlobals) = postSolution
		SolutionGuid = {710051D8-E804-42E7-9784-CCD277C6DBFD}
	EndGlobalSection
EndGlobal
