
Microsoft Visual Studio Solution File, Format Version 12.00
# Visual Studio Version 17
VisualStudioVersion = 17.5.002.0
MinimumVisualStudioVersion = 10.0.40219.1
Project("{9A19103F-16F7-4668-BE54-9A1E7A4F7556}") = "Is Subsequence", "Is Subsequence.csproj", "{5FF4BF6E-2B41-4391-9C20-B683A406755A}"
EndProject
Global
	GlobalSection(SolutionConfigurationPlatforms) = preSolution
		Debug|Any CPU = Debug|Any CPU
		Release|Any CPU = Release|Any CPU
	EndGlobalSection
	GlobalSection(ProjectConfigurationPlatforms) = postSolution
		{5FF4BF6E-2B41-4391-9C20-B683A406755A}.Debug|Any CPU.ActiveCfg = Debug|Any CPU
		{5FF4BF6E-2B41-4391-9C20-B683A406755A}.Debug|Any CPU.Build.0 = Debug|Any CPU
		{5FF4BF6E-2B41-4391-9C20-B683A406755A}.Release|Any CPU.ActiveCfg = Release|Any CPU
		{5FF4BF6E-2B41-4391-9C20-B683A406755A}.Release|Any CPU.Build.0 = Release|Any CPU
	EndGlobalSection
	GlobalSection(SolutionProperties) = preSolution
		HideSolutionNode = FALSE
	EndGlobalSection
	GlobalSection(ExtensibilityGlobals) = postSolution
		SolutionGuid = {33F12EB7-B119-4058-84C5-0103AEEBBCCF}
	EndGlobalSection
EndGlobal
