Microsoft Visual Studio Solution File, Format Version 12.00
# Visual Studio Version 17
VisualStudioVersion = 17.5.2.0
MinimumVisualStudioVersion = 10.0.40219.1
Project("{FAE04EC0-301F-11D3-BF4B-00C04F79EFBC}") = "2000. Reverse Prefix of Word", "2000. Reverse Prefix of Word.csproj", "{4FF9E01D-7A98-1E0C-07A8-51B5E91A3F9E}"
EndProject
Global
	GlobalSection(SolutionConfigurationPlatforms) = preSolution
		Debug|Any CPU = Debug|Any CPU
		Release|Any CPU = Release|Any CPU
	EndGlobalSection
	GlobalSection(ProjectConfigurationPlatforms) = postSolution
		{4FF9E01D-7A98-1E0C-07A8-51B5E91A3F9E}.Debug|Any CPU.ActiveCfg = Debug|Any CPU
		{4FF9E01D-7A98-1E0C-07A8-51B5E91A3F9E}.Debug|Any CPU.Build.0 = Debug|Any CPU
		{4FF9E01D-7A98-1E0C-07A8-51B5E91A3F9E}.Release|Any CPU.ActiveCfg = Release|Any CPU
		{4FF9E01D-7A98-1E0C-07A8-51B5E91A3F9E}.Release|Any CPU.Build.0 = Release|Any CPU
	EndGlobalSection
	GlobalSection(SolutionProperties) = preSolution
		HideSolutionNode = FALSE
	EndGlobalSection
	GlobalSection(ExtensibilityGlobals) = postSolution
		SolutionGuid = {9CDDB3D4-C786-4AD8-B5CA-7EA17CF45E4D}
	EndGlobalSection
EndGlobal
